
Microsoft Visual Studio Solution File, Format Version 12.00
# Visual Studio Version 16
VisualStudioVersion = 16.0.32602.291
MinimumVisualStudioVersion = 10.0.40219.1
Project("{FAE04EC0-301F-11D3-BF4B-00C04F79EFBC}") = "GADE POE PART 1", "GADE POE PART 1.csproj", "{24100B55-BAE2-4F2B-8D7A-172A8CDF92F9}"
EndProject
Global
	GlobalSection(SolutionConfigurationPlatforms) = preSolution
		Debug|Any CPU = Debug|Any CPU
		Release|Any CPU = Release|Any CPU
	EndGlobalSection
	GlobalSection(ProjectConfigurationPlatforms) = postSolution
		{24100B55-BAE2-4F2B-8D7A-172A8CDF92F9}.Debug|Any CPU.ActiveCfg = Debug|Any CPU
		{24100B55-BAE2-4F2B-8D7A-172A8CDF92F9}.Debug|Any CPU.Build.0 = Debug|Any CPU
		{24100B55-BAE2-4F2B-8D7A-172A8CDF92F9}.Release|Any CPU.ActiveCfg = Release|Any CPU
		{24100B55-BAE2-4F2B-8D7A-172A8CDF92F9}.Release|Any CPU.Build.0 = Release|Any CPU
	EndGlobalSection
	GlobalSection(SolutionProperties) = preSolution
		HideSolutionNode = FALSE
	EndGlobalSection
	GlobalSection(ExtensibilityGlobals) = postSolution
		SolutionGuid = {BBF7B13C-FCB6-4C9F-B103-E52BA98E1BE1}
	EndGlobalSection
EndGlobal
